
Microsoft Visual Studio Solution File, Format Version 12.00
# Visual Studio Version 17
VisualStudioVersion = 17.8.34309.116
MinimumVisualStudioVersion = 10.0.40219.1
Project("{FAE04EC0-301F-11D3-BF4B-00C04F79EFBC}") = "GitSpeedrun", "GitSpeedrun.csproj", "{AB4036CF-BD67-4C79-9F74-F1F6E334724F}"
EndProject
Global
	GlobalSection(SolutionConfigurationPlatforms) = preSolution
		Debug|Any CPU = Debug|Any CPU
		Release|Any CPU = Release|Any CPU
	EndGlobalSection
	GlobalSection(ProjectConfigurationPlatforms) = postSolution
		{AB4036CF-BD67-4C79-9F74-F1F6E334724F}.Debug|Any CPU.ActiveCfg = Debug|Any CPU
		{AB4036CF-BD67-4C79-9F74-F1F6E334724F}.Debug|Any CPU.Build.0 = Debug|Any CPU
		{AB4036CF-BD67-4C79-9F74-F1F6E334724F}.Release|Any CPU.ActiveCfg = Release|Any CPU
		{AB4036CF-BD67-4C79-9F74-F1F6E334724F}.Release|Any CPU.Build.0 = Release|Any CPU
	EndGlobalSection
	GlobalSection(SolutionProperties) = preSolution
		HideSolutionNode = FALSE
	EndGlobalSection
	GlobalSection(ExtensibilityGlobals) = postSolution
		SolutionGuid = {516C9D8B-6A0B-4511-84F1-A65E043E932A}
	EndGlobalSection
EndGlobal
